
Microsoft Visual Studio Solution File, Format Version 12.00
# Visual Studio Version 17
VisualStudioVersion = 17.14.36212.18 d17.14
MinimumVisualStudioVersion = 10.0.40219.1
Project("{FAE04EC0-301F-11D3-BF4B-00C04F79EFBC}") = "TestAPI", "TestAPI\TestAPI.csproj", "{9630A4CA-ED6B-46F4-9A0B-4CB4F1D5C818}"
EndProject
Global
	GlobalSection(SolutionConfigurationPlatforms) = preSolution
		Debug|Any CPU = Debug|Any CPU
		Release|Any CPU = Release|Any CPU
	EndGlobalSection
	GlobalSection(ProjectConfigurationPlatforms) = postSolution
		{9630A4CA-ED6B-46F4-9A0B-4CB4F1D5C818}.Debug|Any CPU.ActiveCfg = Debug|Any CPU
		{9630A4CA-ED6B-46F4-9A0B-4CB4F1D5C818}.Debug|Any CPU.Build.0 = Debug|Any CPU
		{9630A4CA-ED6B-46F4-9A0B-4CB4F1D5C818}.Release|Any CPU.ActiveCfg = Release|Any CPU
		{9630A4CA-ED6B-46F4-9A0B-4CB4F1D5C818}.Release|Any CPU.Build.0 = Release|Any CPU
	EndGlobalSection
	GlobalSection(SolutionProperties) = preSolution
		HideSolutionNode = FALSE
	EndGlobalSection
	GlobalSection(ExtensibilityGlobals) = postSolution
		SolutionGuid = {1EA0CC41-3935-4DD1-BB9D-DE6477F57B09}
	EndGlobalSection
EndGlobal
